
Microsoft Visual Studio Solution File, Format Version 12.00
# Visual Studio Version 16
VisualStudioVersion = 16.0.30804.86
MinimumVisualStudioVersion = 10.0.40219.1
Project("{FAE04EC0-301F-11D3-BF4B-00C04F79EFBC}") = "Partialview2.Ödev", "Partialview2.Ödev\Partialview2.Ödev.csproj", "{4E6AD90C-8106-45B3-97FF-0E0B6605A3C5}"
EndProject
Global
	GlobalSection(SolutionConfigurationPlatforms) = preSolution
		Debug|Any CPU = Debug|Any CPU
		Release|Any CPU = Release|Any CPU
	EndGlobalSection
	GlobalSection(ProjectConfigurationPlatforms) = postSolution
		{4E6AD90C-8106-45B3-97FF-0E0B6605A3C5}.Debug|Any CPU.ActiveCfg = Debug|Any CPU
		{4E6AD90C-8106-45B3-97FF-0E0B6605A3C5}.Debug|Any CPU.Build.0 = Debug|Any CPU
		{4E6AD90C-8106-45B3-97FF-0E0B6605A3C5}.Release|Any CPU.ActiveCfg = Release|Any CPU
		{4E6AD90C-8106-45B3-97FF-0E0B6605A3C5}.Release|Any CPU.Build.0 = Release|Any CPU
	EndGlobalSection
	GlobalSection(SolutionProperties) = preSolution
		HideSolutionNode = FALSE
	EndGlobalSection
	GlobalSection(ExtensibilityGlobals) = postSolution
		SolutionGuid = {230E4692-6A58-4D3F-B2D4-DDC87176DEFB}
	EndGlobalSection
EndGlobal
